
Microsoft Visual Studio Solution File, Format Version 12.00
# Visual Studio Version 16
VisualStudioVersion = 16.0.29905.134
MinimumVisualStudioVersion = 10.0.40219.1
Project("{9A19103F-16F7-4668-BE54-9A1E7A4F7556}") = "BorrowStore", "BorrowStore\BorrowStore.csproj", "{5C1170EB-3926-403F-AA18-D4976B3157C9}"
EndProject
Project("{9A19103F-16F7-4668-BE54-9A1E7A4F7556}") = "ProductAPI", "ProductAPI\ProductAPI.csproj", "{5E1B5458-E391-42F9-AA02-C64829FB8D49}"
EndProject
Project("{9A19103F-16F7-4668-BE54-9A1E7A4F7556}") = "OcelotGateway", "OcelotGateway\OcelotGateway.csproj", "{A8321F34-5718-498F-934F-A19DA854D8D9}"
EndProject
Project("{FAE04EC0-301F-11D3-BF4B-00C04F79EFBC}") = "OrderAPI", "OrderAPI\OrderAPI.csproj", "{6C5B15D8-3DD2-428F-8AF8-674762D9C353}"
EndProject
Global
	GlobalSection(SolutionConfigurationPlatforms) = preSolution
		Debug|Any CPU = Debug|Any CPU
		Release|Any CPU = Release|Any CPU
	EndGlobalSection
	GlobalSection(ProjectConfigurationPlatforms) = postSolution
		{5C1170EB-3926-403F-AA18-D4976B3157C9}.Debug|Any CPU.ActiveCfg = Debug|Any CPU
		{5C1170EB-3926-403F-AA18-D4976B3157C9}.Debug|Any CPU.Build.0 = Debug|Any CPU
		{5C1170EB-3926-403F-AA18-D4976B3157C9}.Release|Any CPU.ActiveCfg = Release|Any CPU
		{5C1170EB-3926-403F-AA18-D4976B3157C9}.Release|Any CPU.Build.0 = Release|Any CPU
		{5E1B5458-E391-42F9-AA02-C64829FB8D49}.Debug|Any CPU.ActiveCfg = Debug|Any CPU
		{5E1B5458-E391-42F9-AA02-C64829FB8D49}.Debug|Any CPU.Build.0 = Debug|Any CPU
		{5E1B5458-E391-42F9-AA02-C64829FB8D49}.Release|Any CPU.ActiveCfg = Release|Any CPU
		{5E1B5458-E391-42F9-AA02-C64829FB8D49}.Release|Any CPU.Build.0 = Release|Any CPU
		{A8321F34-5718-498F-934F-A19DA854D8D9}.Debug|Any CPU.ActiveCfg = Debug|Any CPU
		{A8321F34-5718-498F-934F-A19DA854D8D9}.Debug|Any CPU.Build.0 = Debug|Any CPU
		{A8321F34-5718-498F-934F-A19DA854D8D9}.Release|Any CPU.ActiveCfg = Release|Any CPU
		{A8321F34-5718-498F-934F-A19DA854D8D9}.Release|Any CPU.Build.0 = Release|Any CPU
		{6C5B15D8-3DD2-428F-8AF8-674762D9C353}.Debug|Any CPU.ActiveCfg = Debug|Any CPU
		{6C5B15D8-3DD2-428F-8AF8-674762D9C353}.Debug|Any CPU.Build.0 = Debug|Any CPU
		{6C5B15D8-3DD2-428F-8AF8-674762D9C353}.Release|Any CPU.ActiveCfg = Release|Any CPU
		{6C5B15D8-3DD2-428F-8AF8-674762D9C353}.Release|Any CPU.Build.0 = Release|Any CPU
	EndGlobalSection
	GlobalSection(SolutionProperties) = preSolution
		HideSolutionNode = FALSE
	EndGlobalSection
	GlobalSection(ExtensibilityGlobals) = postSolution
		SolutionGuid = {661B300E-B1EA-435B-A7B5-A5FA640F6B01}
	EndGlobalSection
EndGlobal
